
Microsoft Visual Studio Solution File, Format Version 12.00
# Visual Studio Version 17
VisualStudioVersion = 17.9.34701.34
MinimumVisualStudioVersion = 10.0.40219.1
Project("{FAE04EC0-301F-11D3-BF4B-00C04F79EFBC}") = "CrudEmpleado", "CrudEmpleado\CrudEmpleado.csproj", "{54855882-3A4B-40AA-B25A-86E83817CF0F}"
EndProject
Global
	GlobalSection(SolutionConfigurationPlatforms) = preSolution
		Debug|Any CPU = Debug|Any CPU
		Release|Any CPU = Release|Any CPU
	EndGlobalSection
	GlobalSection(ProjectConfigurationPlatforms) = postSolution
		{54855882-3A4B-40AA-B25A-86E83817CF0F}.Debug|Any CPU.ActiveCfg = Debug|Any CPU
		{54855882-3A4B-40AA-B25A-86E83817CF0F}.Debug|Any CPU.Build.0 = Debug|Any CPU
		{54855882-3A4B-40AA-B25A-86E83817CF0F}.Release|Any CPU.ActiveCfg = Release|Any CPU
		{54855882-3A4B-40AA-B25A-86E83817CF0F}.Release|Any CPU.Build.0 = Release|Any CPU
	EndGlobalSection
	GlobalSection(SolutionProperties) = preSolution
		HideSolutionNode = FALSE
	EndGlobalSection
	GlobalSection(ExtensibilityGlobals) = postSolution
		SolutionGuid = {C09713C0-F089-44FC-9891-4E68026C6463}
	EndGlobalSection
EndGlobal
